
Microsoft Visual Studio Solution File, Format Version 12.00
# Visual Studio Version 17
VisualStudioVersion = 17.11.35222.181
MinimumVisualStudioVersion = 10.0.40219.1
Project("{FAE04EC0-301F-11D3-BF4B-00C04F79EFBC}") = "egyszerutanulok_20241205", "egyszerutanulok_20241205.csproj", "{0FD42766-8B77-4DC2-8CC0-A19871A0FBFD}"
EndProject
Global
	GlobalSection(SolutionConfigurationPlatforms) = preSolution
		Debug|Any CPU = Debug|Any CPU
		Release|Any CPU = Release|Any CPU
	EndGlobalSection
	GlobalSection(ProjectConfigurationPlatforms) = postSolution
		{0FD42766-8B77-4DC2-8CC0-A19871A0FBFD}.Debug|Any CPU.ActiveCfg = Debug|Any CPU
		{0FD42766-8B77-4DC2-8CC0-A19871A0FBFD}.Debug|Any CPU.Build.0 = Debug|Any CPU
		{0FD42766-8B77-4DC2-8CC0-A19871A0FBFD}.Release|Any CPU.ActiveCfg = Release|Any CPU
		{0FD42766-8B77-4DC2-8CC0-A19871A0FBFD}.Release|Any CPU.Build.0 = Release|Any CPU
	EndGlobalSection
	GlobalSection(SolutionProperties) = preSolution
		HideSolutionNode = FALSE
	EndGlobalSection
	GlobalSection(ExtensibilityGlobals) = postSolution
		SolutionGuid = {444D0C76-C43D-4F37-8C8E-8A4F8166BC48}
	EndGlobalSection
EndGlobal
